
Microsoft Visual Studio Solution File, Format Version 12.00
# Visual Studio 15
VisualStudioVersion = 15.0.27703.2026
MinimumVisualStudioVersion = 10.0.40219.1
Project("{FAE04EC0-301F-11D3-BF4B-00C04F79EFBC}") = "Test", "Test\Test.csproj", "{C0817869-BD41-4CE4-9E83-AE191B7F3850}"
EndProject
Global
	GlobalSection(SolutionConfigurationPlatforms) = preSolution
		Debug|Any CPU = Debug|Any CPU
		Release|Any CPU = Release|Any CPU
	EndGlobalSection
	GlobalSection(ProjectConfigurationPlatforms) = postSolution
		{C0817869-BD41-4CE4-9E83-AE191B7F3850}.Debug|Any CPU.ActiveCfg = Debug|Any CPU
		{C0817869-BD41-4CE4-9E83-AE191B7F3850}.Debug|Any CPU.Build.0 = Debug|Any CPU
		{C0817869-BD41-4CE4-9E83-AE191B7F3850}.Release|Any CPU.ActiveCfg = Release|Any CPU
		{C0817869-BD41-4CE4-9E83-AE191B7F3850}.Release|Any CPU.Build.0 = Release|Any CPU
	EndGlobalSection
	GlobalSection(SolutionProperties) = preSolution
		HideSolutionNode = FALSE
	EndGlobalSection
	GlobalSection(ExtensibilityGlobals) = postSolution
		SolutionGuid = {088FD4A1-D634-4BFF-9833-4553E17A3F30}
	EndGlobalSection
EndGlobal
