
Microsoft Visual Studio Solution File, Format Version 12.00
# Visual Studio 15
VisualStudioVersion = 15.0.27703.2026
MinimumVisualStudioVersion = 10.0.40219.1
Project("{FAE04EC0-301F-11D3-BF4B-00C04F79EFBC}") = "ExampleofLinearSearch", "ExampleofLinearSearch\ExampleofLinearSearch.csproj", "{75766410-808A-4D8D-9797-5FB00F88B197}"
EndProject
Global
	GlobalSection(SolutionConfigurationPlatforms) = preSolution
		Debug|Any CPU = Debug|Any CPU
		Release|Any CPU = Release|Any CPU
	EndGlobalSection
	GlobalSection(ProjectConfigurationPlatforms) = postSolution
		{75766410-808A-4D8D-9797-5FB00F88B197}.Debug|Any CPU.ActiveCfg = Debug|Any CPU
		{75766410-808A-4D8D-9797-5FB00F88B197}.Debug|Any CPU.Build.0 = Debug|Any CPU
		{75766410-808A-4D8D-9797-5FB00F88B197}.Release|Any CPU.ActiveCfg = Release|Any CPU
		{75766410-808A-4D8D-9797-5FB00F88B197}.Release|Any CPU.Build.0 = Release|Any CPU
	EndGlobalSection
	GlobalSection(SolutionProperties) = preSolution
		HideSolutionNode = FALSE
	EndGlobalSection
	GlobalSection(ExtensibilityGlobals) = postSolution
		SolutionGuid = {E2BF1606-5794-45BE-8E5B-54A3F39A38E4}
	EndGlobalSection
EndGlobal
