
Microsoft Visual Studio Solution File, Format Version 12.00
# Visual Studio 15
VisualStudioVersion = 15.0.27703.2026
MinimumVisualStudioVersion = 10.0.40219.1
Project("{FAE04EC0-301F-11D3-BF4B-00C04F79EFBC}") = "SimpleHangman", "SimpleHangman\SimpleHangman.csproj", "{1543F58F-2438-4D6C-A4C7-E17C2A5DED4E}"
EndProject
Global
	GlobalSection(SolutionConfigurationPlatforms) = preSolution
		Debug|Any CPU = Debug|Any CPU
		Release|Any CPU = Release|Any CPU
	EndGlobalSection
	GlobalSection(ProjectConfigurationPlatforms) = postSolution
		{1543F58F-2438-4D6C-A4C7-E17C2A5DED4E}.Debug|Any CPU.ActiveCfg = Debug|Any CPU
		{1543F58F-2438-4D6C-A4C7-E17C2A5DED4E}.Debug|Any CPU.Build.0 = Debug|Any CPU
		{1543F58F-2438-4D6C-A4C7-E17C2A5DED4E}.Release|Any CPU.ActiveCfg = Release|Any CPU
		{1543F58F-2438-4D6C-A4C7-E17C2A5DED4E}.Release|Any CPU.Build.0 = Release|Any CPU
	EndGlobalSection
	GlobalSection(SolutionProperties) = preSolution
		HideSolutionNode = FALSE
	EndGlobalSection
	GlobalSection(ExtensibilityGlobals) = postSolution
		SolutionGuid = {D15C70A4-63D5-460E-8858-57F7F229984E}
	EndGlobalSection
EndGlobal
