
Microsoft Visual Studio Solution File, Format Version 12.00
# Visual Studio 15
VisualStudioVersion = 15.0.28307.902
MinimumVisualStudioVersion = 10.0.40219.1
Project("{FAE04EC0-301F-11D3-BF4B-00C04F79EFBC}") = "BinaryChop", "BinaryChop\BinaryChop.csproj", "{BDE1A868-3AE3-4BCB-B457-39F1C4EFCEEE}"
EndProject
Global
	GlobalSection(SolutionConfigurationPlatforms) = preSolution
		Debug|Any CPU = Debug|Any CPU
		Release|Any CPU = Release|Any CPU
	EndGlobalSection
	GlobalSection(ProjectConfigurationPlatforms) = postSolution
		{BDE1A868-3AE3-4BCB-B457-39F1C4EFCEEE}.Debug|Any CPU.ActiveCfg = Debug|Any CPU
		{BDE1A868-3AE3-4BCB-B457-39F1C4EFCEEE}.Debug|Any CPU.Build.0 = Debug|Any CPU
		{BDE1A868-3AE3-4BCB-B457-39F1C4EFCEEE}.Release|Any CPU.ActiveCfg = Release|Any CPU
		{BDE1A868-3AE3-4BCB-B457-39F1C4EFCEEE}.Release|Any CPU.Build.0 = Release|Any CPU
	EndGlobalSection
	GlobalSection(SolutionProperties) = preSolution
		HideSolutionNode = FALSE
	EndGlobalSection
	GlobalSection(ExtensibilityGlobals) = postSolution
		SolutionGuid = {3B062465-2C77-4983-950A-928700C9DB7D}
	EndGlobalSection
EndGlobal
